
Microsoft Visual Studio Solution File, Format Version 12.00
# Visual Studio Version 17
VisualStudioVersion = 17.11.35327.3
MinimumVisualStudioVersion = 10.0.40219.1
Project("{FAE04EC0-301F-11D3-BF4B-00C04F79EFBC}") = "BlockOrbit", "BlockOrbit\BlockOrbit.csproj", "{856E1027-413F-43B7-B44F-FA9D76311AF6}"
EndProject
Global
	GlobalSection(SolutionConfigurationPlatforms) = preSolution
		Debug|Any CPU = Debug|Any CPU
		Release|Any CPU = Release|Any CPU
	EndGlobalSection
	GlobalSection(ProjectConfigurationPlatforms) = postSolution
		{856E1027-413F-43B7-B44F-FA9D76311AF6}.Debug|Any CPU.ActiveCfg = Debug|Any CPU
		{856E1027-413F-43B7-B44F-FA9D76311AF6}.Debug|Any CPU.Build.0 = Debug|Any CPU
		{856E1027-413F-43B7-B44F-FA9D76311AF6}.Release|Any CPU.ActiveCfg = Release|Any CPU
		{856E1027-413F-43B7-B44F-FA9D76311AF6}.Release|Any CPU.Build.0 = Release|Any CPU
	EndGlobalSection
	GlobalSection(SolutionProperties) = preSolution
		HideSolutionNode = FALSE
	EndGlobalSection
	GlobalSection(ExtensibilityGlobals) = postSolution
		SolutionGuid = {74F7011D-2DC4-4338-B49F-D8DE2308D3A7}
	EndGlobalSection
EndGlobal
